
Microsoft Visual Studio Solution File, Format Version 12.00
# Visual Studio Version 16
VisualStudioVersion = 16.0.30907.101
MinimumVisualStudioVersion = 10.0.40219.1
Project("{FAE04EC0-301F-11D3-BF4B-00C04F79EFBC}") = "HermesConsole", "HermesConsole\HermesConsole.csproj", "{1C765F14-5A24-47E5-93A8-073DCF7D5E42}"
EndProject
Project("{FAE04EC0-301F-11D3-BF4B-00C04F79EFBC}") = "HermesLogic", "HermesLogic\HermesLogic.csproj", "{3676A8E6-0532-4660-BD06-4BF104747A19}"
EndProject
Project("{FAE04EC0-301F-11D3-BF4B-00C04F79EFBC}") = "HermesWeb", "HermesWeb\HermesWeb.csproj", "{3E426521-4C0A-4CF2-8563-D30621290686}"
EndProject
Project("{2150E333-8FDC-42A3-9474-1A3956D46DE8}") = "Solution Items", "Solution Items", "{A6D06855-3747-4489-BC62-A4DA5BED87E5}"
	ProjectSection(SolutionItems) = preProject
		CreateProfile.html = CreateProfile.html
		Main.html = Main.html
		Main_Authorised.html = Main_Authorised.html
		PasswordReset.html = PasswordReset.html
	EndProjectSection
EndProject
Global
	GlobalSection(SolutionConfigurationPlatforms) = preSolution
		Debug|Any CPU = Debug|Any CPU
		Release|Any CPU = Release|Any CPU
	EndGlobalSection
	GlobalSection(ProjectConfigurationPlatforms) = postSolution
		{1C765F14-5A24-47E5-93A8-073DCF7D5E42}.Debug|Any CPU.ActiveCfg = Debug|Any CPU
		{1C765F14-5A24-47E5-93A8-073DCF7D5E42}.Debug|Any CPU.Build.0 = Debug|Any CPU
		{1C765F14-5A24-47E5-93A8-073DCF7D5E42}.Release|Any CPU.ActiveCfg = Release|Any CPU
		{1C765F14-5A24-47E5-93A8-073DCF7D5E42}.Release|Any CPU.Build.0 = Release|Any CPU
		{3676A8E6-0532-4660-BD06-4BF104747A19}.Debug|Any CPU.ActiveCfg = Debug|Any CPU
		{3676A8E6-0532-4660-BD06-4BF104747A19}.Debug|Any CPU.Build.0 = Debug|Any CPU
		{3676A8E6-0532-4660-BD06-4BF104747A19}.Release|Any CPU.ActiveCfg = Release|Any CPU
		{3676A8E6-0532-4660-BD06-4BF104747A19}.Release|Any CPU.Build.0 = Release|Any CPU
		{3E426521-4C0A-4CF2-8563-D30621290686}.Debug|Any CPU.ActiveCfg = Debug|Any CPU
		{3E426521-4C0A-4CF2-8563-D30621290686}.Debug|Any CPU.Build.0 = Debug|Any CPU
		{3E426521-4C0A-4CF2-8563-D30621290686}.Release|Any CPU.ActiveCfg = Release|Any CPU
		{3E426521-4C0A-4CF2-8563-D30621290686}.Release|Any CPU.Build.0 = Release|Any CPU
	EndGlobalSection
	GlobalSection(SolutionProperties) = preSolution
		HideSolutionNode = FALSE
	EndGlobalSection
	GlobalSection(ExtensibilityGlobals) = postSolution
		SolutionGuid = {D64B0A3A-FCA5-48D3-9A59-1F96B9C2B4B7}
	EndGlobalSection
EndGlobal
